
Microsoft Visual Studio Solution File, Format Version 12.00
# Visual Studio Version 17
VisualStudioVersion = 17.0.31903.59
MinimumVisualStudioVersion = 10.0.40219.1
Project("{2150E333-8FDC-42A3-9474-1A3956D46DE8}") = "0 Domain", "0 Domain", "{86571A13-36D3-B3C4-A488-3B960D86BDC7}"
EndProject
Project("{FAE04EC0-301F-11D3-BF4B-00C04F79EFBC}") = "Timetables.Domain", "src\Timetables.Domain\Timetables.Domain.csproj", "{DDAC1B4B-6D8B-4D20-BC38-A7143831C13C}"
EndProject
Project("{2150E333-8FDC-42A3-9474-1A3956D46DE8}") = "1 Application", "1 Application", "{6D8702BE-7669-FDC0-0B4C-854B27B353B0}"
EndProject
Project("{FAE04EC0-301F-11D3-BF4B-00C04F79EFBC}") = "Timetables.Application", "src\Timetables.Application\Timetables.Application.csproj", "{885FC5FA-ABEE-446F-B87B-F7BEB3E5F0C2}"
EndProject
Project("{2150E333-8FDC-42A3-9474-1A3956D46DE8}") = "2 Infrastructure", "2 Infrastructure", "{6ED0F56D-FA14-727B-3FF5-912C8060FDED}"
EndProject
Project("{FAE04EC0-301F-11D3-BF4B-00C04F79EFBC}") = "Timetables.Infrastructure", "src\Timetables.Infrastructure\Timetables.Infrastructure.csproj", "{D321FBF0-878F-4C82-AB2B-D91A85703A52}"
EndProject
Project("{2150E333-8FDC-42A3-9474-1A3956D46DE8}") = "3 Presentation", "3 Presentation", "{E5CAFCA8-9C17-41DF-60A0-67B00C938692}"
EndProject
Project("{FAE04EC0-301F-11D3-BF4B-00C04F79EFBC}") = "Timetables.WebApi", "src\Timetables.WebApi\Timetables.WebApi.csproj", "{56D5D052-B1D7-4211-96C7-30E718299A9B}"
EndProject
Global
	GlobalSection(SolutionConfigurationPlatforms) = preSolution
		Debug|Any CPU = Debug|Any CPU
		Debug|x64 = Debug|x64
		Debug|x86 = Debug|x86
		Release|Any CPU = Release|Any CPU
		Release|x64 = Release|x64
		Release|x86 = Release|x86
	EndGlobalSection
	GlobalSection(ProjectConfigurationPlatforms) = postSolution
		{DDAC1B4B-6D8B-4D20-BC38-A7143831C13C}.Debug|Any CPU.ActiveCfg = Debug|Any CPU
		{DDAC1B4B-6D8B-4D20-BC38-A7143831C13C}.Debug|Any CPU.Build.0 = Debug|Any CPU
		{DDAC1B4B-6D8B-4D20-BC38-A7143831C13C}.Debug|x64.ActiveCfg = Debug|Any CPU
		{DDAC1B4B-6D8B-4D20-BC38-A7143831C13C}.Debug|x64.Build.0 = Debug|Any CPU
		{DDAC1B4B-6D8B-4D20-BC38-A7143831C13C}.Debug|x86.ActiveCfg = Debug|Any CPU
		{DDAC1B4B-6D8B-4D20-BC38-A7143831C13C}.Debug|x86.Build.0 = Debug|Any CPU
		{DDAC1B4B-6D8B-4D20-BC38-A7143831C13C}.Release|Any CPU.ActiveCfg = Release|Any CPU
		{DDAC1B4B-6D8B-4D20-BC38-A7143831C13C}.Release|Any CPU.Build.0 = Release|Any CPU
		{DDAC1B4B-6D8B-4D20-BC38-A7143831C13C}.Release|x64.ActiveCfg = Release|Any CPU
		{DDAC1B4B-6D8B-4D20-BC38-A7143831C13C}.Release|x64.Build.0 = Release|Any CPU
		{DDAC1B4B-6D8B-4D20-BC38-A7143831C13C}.Release|x86.ActiveCfg = Release|Any CPU
		{DDAC1B4B-6D8B-4D20-BC38-A7143831C13C}.Release|x86.Build.0 = Release|Any CPU
		{885FC5FA-ABEE-446F-B87B-F7BEB3E5F0C2}.Debug|Any CPU.ActiveCfg = Debug|Any CPU
		{885FC5FA-ABEE-446F-B87B-F7BEB3E5F0C2}.Debug|Any CPU.Build.0 = Debug|Any CPU
		{885FC5FA-ABEE-446F-B87B-F7BEB3E5F0C2}.Debug|x64.ActiveCfg = Debug|Any CPU
		{885FC5FA-ABEE-446F-B87B-F7BEB3E5F0C2}.Debug|x64.Build.0 = Debug|Any CPU
		{885FC5FA-ABEE-446F-B87B-F7BEB3E5F0C2}.Debug|x86.ActiveCfg = Debug|Any CPU
		{885FC5FA-ABEE-446F-B87B-F7BEB3E5F0C2}.Debug|x86.Build.0 = Debug|Any CPU
		{885FC5FA-ABEE-446F-B87B-F7BEB3E5F0C2}.Release|Any CPU.ActiveCfg = Release|Any CPU
		{885FC5FA-ABEE-446F-B87B-F7BEB3E5F0C2}.Release|Any CPU.Build.0 = Release|Any CPU
		{885FC5FA-ABEE-446F-B87B-F7BEB3E5F0C2}.Release|x64.ActiveCfg = Release|Any CPU
		{885FC5FA-ABEE-446F-B87B-F7BEB3E5F0C2}.Release|x64.Build.0 = Release|Any CPU
		{885FC5FA-ABEE-446F-B87B-F7BEB3E5F0C2}.Release|x86.ActiveCfg = Release|Any CPU
		{885FC5FA-ABEE-446F-B87B-F7BEB3E5F0C2}.Release|x86.Build.0 = Release|Any CPU
		{D321FBF0-878F-4C82-AB2B-D91A85703A52}.Debug|Any CPU.ActiveCfg = Debug|Any CPU
		{D321FBF0-878F-4C82-AB2B-D91A85703A52}.Debug|Any CPU.Build.0 = Debug|Any CPU
		{D321FBF0-878F-4C82-AB2B-D91A85703A52}.Debug|x64.ActiveCfg = Debug|Any CPU
		{D321FBF0-878F-4C82-AB2B-D91A85703A52}.Debug|x64.Build.0 = Debug|Any CPU
		{D321FBF0-878F-4C82-AB2B-D91A85703A52}.Debug|x86.ActiveCfg = Debug|Any CPU
		{D321FBF0-878F-4C82-AB2B-D91A85703A52}.Debug|x86.Build.0 = Debug|Any CPU
		{D321FBF0-878F-4C82-AB2B-D91A85703A52}.Release|Any CPU.ActiveCfg = Release|Any CPU
		{D321FBF0-878F-4C82-AB2B-D91A85703A52}.Release|Any CPU.Build.0 = Release|Any CPU
		{D321FBF0-878F-4C82-AB2B-D91A85703A52}.Release|x64.ActiveCfg = Release|Any CPU
		{D321FBF0-878F-4C82-AB2B-D91A85703A52}.Release|x64.Build.0 = Release|Any CPU
		{D321FBF0-878F-4C82-AB2B-D91A85703A52}.Release|x86.ActiveCfg = Release|Any CPU
		{D321FBF0-878F-4C82-AB2B-D91A85703A52}.Release|x86.Build.0 = Release|Any CPU
		{56D5D052-B1D7-4211-96C7-30E718299A9B}.Debug|Any CPU.ActiveCfg = Debug|Any CPU
		{56D5D052-B1D7-4211-96C7-30E718299A9B}.Debug|Any CPU.Build.0 = Debug|Any CPU
		{56D5D052-B1D7-4211-96C7-30E718299A9B}.Debug|x64.ActiveCfg = Debug|Any CPU
		{56D5D052-B1D7-4211-96C7-30E718299A9B}.Debug|x64.Build.0 = Debug|Any CPU
		{56D5D052-B1D7-4211-96C7-30E718299A9B}.Debug|x86.ActiveCfg = Debug|Any CPU
		{56D5D052-B1D7-4211-96C7-30E718299A9B}.Debug|x86.Build.0 = Debug|Any CPU
		{56D5D052-B1D7-4211-96C7-30E718299A9B}.Release|Any CPU.ActiveCfg = Release|Any CPU
		{56D5D052-B1D7-4211-96C7-30E718299A9B}.Release|Any CPU.Build.0 = Release|Any CPU
		{56D5D052-B1D7-4211-96C7-30E718299A9B}.Release|x64.ActiveCfg = Release|Any CPU
		{56D5D052-B1D7-4211-96C7-30E718299A9B}.Release|x64.Build.0 = Release|Any CPU
		{56D5D052-B1D7-4211-96C7-30E718299A9B}.Release|x86.ActiveCfg = Release|Any CPU
		{56D5D052-B1D7-4211-96C7-30E718299A9B}.Release|x86.Build.0 = Release|Any CPU
	EndGlobalSection
	GlobalSection(SolutionProperties) = preSolution
		HideSolutionNode = FALSE
	EndGlobalSection
	GlobalSection(NestedProjects) = preSolution
		{DDAC1B4B-6D8B-4D20-BC38-A7143831C13C} = {86571A13-36D3-B3C4-A488-3B960D86BDC7}
		{885FC5FA-ABEE-446F-B87B-F7BEB3E5F0C2} = {6D8702BE-7669-FDC0-0B4C-854B27B353B0}
		{D321FBF0-878F-4C82-AB2B-D91A85703A52} = {6ED0F56D-FA14-727B-3FF5-912C8060FDED}
		{56D5D052-B1D7-4211-96C7-30E718299A9B} = {E5CAFCA8-9C17-41DF-60A0-67B00C938692}
	EndGlobalSection
EndGlobal
